
Microsoft Visual Studio Solution File, Format Version 12.00
# Visual Studio Version 17
VisualStudioVersion = 17.5.33414.496
MinimumVisualStudioVersion = 10.0.40219.1
Project("{2150E333-8FDC-42A3-9474-1A3956D46DE8}") = "src", "src", "{A7E9364F-5166-4272-8A2E-78EB55CBC3BC}"
EndProject
Project("{2150E333-8FDC-42A3-9474-1A3956D46DE8}") = "Solution Items", "Solution Items", "{410852C9-61E7-4DE9-ACF2-12DFDF6F9040}"
	ProjectSection(SolutionItems) = preProject
		TextFile1.txt = TextFile1.txt
	EndProjectSection
EndProject
Project("{2150E333-8FDC-42A3-9474-1A3956D46DE8}") = "ApiGateways", "ApiGateways", "{9C3BF7A9-E379-47F5-80F3-42F5E9B896FB}"
EndProject
Project("{2150E333-8FDC-42A3-9474-1A3956D46DE8}") = "BuildingBlocks", "BuildingBlocks", "{4706B85D-34F1-48F1-84E8-DA8F1C9F0523}"
EndProject
Project("{2150E333-8FDC-42A3-9474-1A3956D46DE8}") = "Services", "Services", "{9D4F0890-EBE9-4414-9BF5-7769BF422D26}"
EndProject
Project("{2150E333-8FDC-42A3-9474-1A3956D46DE8}") = "Clients", "Clients", "{93549289-E8F9-421A-9736-6391012B0246}"
EndProject
Project("{2150E333-8FDC-42A3-9474-1A3956D46DE8}") = "WebApiGateway", "WebApiGateway", "{EBB90DAD-FCE5-4AA0-B550-EC0ACBE03F97}"
EndProject
Project("{FAE04EC0-301F-11D3-BF4B-00C04F79EFBC}") = "Web.ApiGateway", "src\ApiGateways\WebApiGateway\Web.ApiGateway\Web.ApiGateway.csproj", "{9150E548-37A5-4AF7-B8E4-98D4573DB697}"
EndProject
Project("{2150E333-8FDC-42A3-9474-1A3956D46DE8}") = "EventBus", "EventBus", "{14E0263D-A468-4D89-97D1-2BFE313CF705}"
EndProject
Project("{FAE04EC0-301F-11D3-BF4B-00C04F79EFBC}") = "EventBus.Base", "src\BuildingBlocks\EventBus\EventBus.Base\EventBus.Base.csproj", "{318403A3-6598-45BE-BDAB-7ECED5474D02}"
EndProject
Project("{FAE04EC0-301F-11D3-BF4B-00C04F79EFBC}") = "EventBus.Factory", "src\BuildingBlocks\EventBus\EventBus.Factory\EventBus.Factory.csproj", "{054A4D67-05C8-4AF4-B69D-7F92E5D117DB}"
EndProject
Project("{FAE04EC0-301F-11D3-BF4B-00C04F79EFBC}") = "Eventbus.AzureServiceBus", "src\BuildingBlocks\EventBus\Eventbus.AzureServiceBus\Eventbus.AzureServiceBus.csproj", "{03C9793A-E687-4B44-8047-AFD090B7BFF9}"
EndProject
Project("{FAE04EC0-301F-11D3-BF4B-00C04F79EFBC}") = "EventBus.RabbitMQ", "src\BuildingBlocks\EventBus\EventBus.RabbitMQ\EventBus.RabbitMQ.csproj", "{76F971BC-DB88-42E1-BC03-34B5DF72C87C}"
EndProject
Project("{2150E333-8FDC-42A3-9474-1A3956D46DE8}") = "BlazorWebApp", "BlazorWebApp", "{D905C847-F899-448C-BBC2-3AFDEC984F1D}"
EndProject
Project("{FAE04EC0-301F-11D3-BF4B-00C04F79EFBC}") = "BlazorWebApp", "src\Clients\BlazorWebApp\BlazorWebApp\BlazorWebApp.csproj", "{37085273-5A44-421B-A931-47805BC26007}"
EndProject
Project("{2150E333-8FDC-42A3-9474-1A3956D46DE8}") = "BasketService", "BasketService", "{44557099-1A3C-46EF-AA5E-E49295558DD0}"
EndProject
Project("{FAE04EC0-301F-11D3-BF4B-00C04F79EFBC}") = "BasketService.Api", "src\Services\BasketService\BasketService.Api\BasketService.Api.csproj", "{57E2935B-7F20-40A7-9147-BEAD6D1D0286}"
EndProject
Project("{2150E333-8FDC-42A3-9474-1A3956D46DE8}") = "CatalogService", "CatalogService", "{4703A48C-91DF-40F8-A8BB-A286FB126ABE}"
EndProject
Project("{FAE04EC0-301F-11D3-BF4B-00C04F79EFBC}") = "CatalogService.Api", "src\Services\CatalogService\CatalogService.Api\CatalogService.Api.csproj", "{B19B4538-1CD7-44F8-ABB4-A81320E3D49B}"
EndProject
Project("{2150E333-8FDC-42A3-9474-1A3956D46DE8}") = "IdentityService", "IdentityService", "{E872BB0A-9EC3-48FD-8570-6261A6DF4068}"
EndProject
Project("{FAE04EC0-301F-11D3-BF4B-00C04F79EFBC}") = "IdentityService.Api", "src\Services\IdentityService\IdentityService.Api\IdentityService.Api.csproj", "{EF491D48-FC75-4663-8886-7565C3B8593D}"
EndProject
Project("{2150E333-8FDC-42A3-9474-1A3956D46DE8}") = "NotificationService", "NotificationService", "{7B1BAB30-32B1-4B00-A855-8C1C4699CB6C}"
EndProject
Project("{FAE04EC0-301F-11D3-BF4B-00C04F79EFBC}") = "NotificationService.Console", "src\Services\NotificationService\NotificationService.Console\NotificationService.Console.csproj", "{69C07581-7A6B-4387-A96A-E38A03464DAD}"
EndProject
Project("{2150E333-8FDC-42A3-9474-1A3956D46DE8}") = "OrderService", "OrderService", "{C0620F5C-94B6-47D4-9CFF-D1B5A2D45102}"
EndProject
Project("{FAE04EC0-301F-11D3-BF4B-00C04F79EFBC}") = "OrderService.Api", "src\Services\OrderService\OrderService.Api\OrderService.Api.csproj", "{99D9A998-89F6-47C9-8B1A-D65DA6BDD61B}"
EndProject
Project("{FAE04EC0-301F-11D3-BF4B-00C04F79EFBC}") = "OrderService.Domain", "src\Services\OrderService\OrderService.Domain\OrderService.Domain.csproj", "{AB5F2064-78EA-43DE-9BC8-28167CB416CB}"
EndProject
Project("{FAE04EC0-301F-11D3-BF4B-00C04F79EFBC}") = "OrderService.Application", "src\Services\OrderService\OrderService.Application\OrderService.Application.csproj", "{80A2BAB1-BA56-4DB4-B048-EE3F45F18335}"
EndProject
Project("{FAE04EC0-301F-11D3-BF4B-00C04F79EFBC}") = "OrderService.Infrastructure", "src\Services\OrderService\OrderService.Infrastructure\OrderService.Infrastructure.csproj", "{7334A8FF-52FA-452D-B5F4-7B985A77F014}"
EndProject
Project("{2150E333-8FDC-42A3-9474-1A3956D46DE8}") = "PaymentService", "PaymentService", "{3C582EBF-6838-4E08-B4B8-1A301EC3D2BD}"
EndProject
Project("{FAE04EC0-301F-11D3-BF4B-00C04F79EFBC}") = "PaymentService.Api", "src\Services\PaymentService\PaymentService.Api\PaymentService.Api.csproj", "{99014385-1E0D-4089-885E-24EB97B062F2}"
EndProject
Global
	GlobalSection(SolutionConfigurationPlatforms) = preSolution
		Debug|Any CPU = Debug|Any CPU
		Release|Any CPU = Release|Any CPU
	EndGlobalSection
	GlobalSection(ProjectConfigurationPlatforms) = postSolution
		{9150E548-37A5-4AF7-B8E4-98D4573DB697}.Debug|Any CPU.ActiveCfg = Debug|Any CPU
		{9150E548-37A5-4AF7-B8E4-98D4573DB697}.Debug|Any CPU.Build.0 = Debug|Any CPU
		{9150E548-37A5-4AF7-B8E4-98D4573DB697}.Release|Any CPU.ActiveCfg = Release|Any CPU
		{9150E548-37A5-4AF7-B8E4-98D4573DB697}.Release|Any CPU.Build.0 = Release|Any CPU
		{318403A3-6598-45BE-BDAB-7ECED5474D02}.Debug|Any CPU.ActiveCfg = Debug|Any CPU
		{318403A3-6598-45BE-BDAB-7ECED5474D02}.Debug|Any CPU.Build.0 = Debug|Any CPU
		{318403A3-6598-45BE-BDAB-7ECED5474D02}.Release|Any CPU.ActiveCfg = Release|Any CPU
		{318403A3-6598-45BE-BDAB-7ECED5474D02}.Release|Any CPU.Build.0 = Release|Any CPU
		{054A4D67-05C8-4AF4-B69D-7F92E5D117DB}.Debug|Any CPU.ActiveCfg = Debug|Any CPU
		{054A4D67-05C8-4AF4-B69D-7F92E5D117DB}.Debug|Any CPU.Build.0 = Debug|Any CPU
		{054A4D67-05C8-4AF4-B69D-7F92E5D117DB}.Release|Any CPU.ActiveCfg = Release|Any CPU
		{054A4D67-05C8-4AF4-B69D-7F92E5D117DB}.Release|Any CPU.Build.0 = Release|Any CPU
		{03C9793A-E687-4B44-8047-AFD090B7BFF9}.Debug|Any CPU.ActiveCfg = Debug|Any CPU
		{03C9793A-E687-4B44-8047-AFD090B7BFF9}.Debug|Any CPU.Build.0 = Debug|Any CPU
		{03C9793A-E687-4B44-8047-AFD090B7BFF9}.Release|Any CPU.ActiveCfg = Release|Any CPU
		{03C9793A-E687-4B44-8047-AFD090B7BFF9}.Release|Any CPU.Build.0 = Release|Any CPU
		{76F971BC-DB88-42E1-BC03-34B5DF72C87C}.Debug|Any CPU.ActiveCfg = Debug|Any CPU
		{76F971BC-DB88-42E1-BC03-34B5DF72C87C}.Debug|Any CPU.Build.0 = Debug|Any CPU
		{76F971BC-DB88-42E1-BC03-34B5DF72C87C}.Release|Any CPU.ActiveCfg = Release|Any CPU
		{76F971BC-DB88-42E1-BC03-34B5DF72C87C}.Release|Any CPU.Build.0 = Release|Any CPU
		{37085273-5A44-421B-A931-47805BC26007}.Debug|Any CPU.ActiveCfg = Debug|Any CPU
		{37085273-5A44-421B-A931-47805BC26007}.Debug|Any CPU.Build.0 = Debug|Any CPU
		{37085273-5A44-421B-A931-47805BC26007}.Release|Any CPU.ActiveCfg = Release|Any CPU
		{37085273-5A44-421B-A931-47805BC26007}.Release|Any CPU.Build.0 = Release|Any CPU
		{57E2935B-7F20-40A7-9147-BEAD6D1D0286}.Debug|Any CPU.ActiveCfg = Debug|Any CPU
		{57E2935B-7F20-40A7-9147-BEAD6D1D0286}.Debug|Any CPU.Build.0 = Debug|Any CPU
		{57E2935B-7F20-40A7-9147-BEAD6D1D0286}.Release|Any CPU.ActiveCfg = Release|Any CPU
		{57E2935B-7F20-40A7-9147-BEAD6D1D0286}.Release|Any CPU.Build.0 = Release|Any CPU
		{B19B4538-1CD7-44F8-ABB4-A81320E3D49B}.Debug|Any CPU.ActiveCfg = Debug|Any CPU
		{B19B4538-1CD7-44F8-ABB4-A81320E3D49B}.Debug|Any CPU.Build.0 = Debug|Any CPU
		{B19B4538-1CD7-44F8-ABB4-A81320E3D49B}.Release|Any CPU.ActiveCfg = Release|Any CPU
		{B19B4538-1CD7-44F8-ABB4-A81320E3D49B}.Release|Any CPU.Build.0 = Release|Any CPU
		{EF491D48-FC75-4663-8886-7565C3B8593D}.Debug|Any CPU.ActiveCfg = Debug|Any CPU
		{EF491D48-FC75-4663-8886-7565C3B8593D}.Debug|Any CPU.Build.0 = Debug|Any CPU
		{EF491D48-FC75-4663-8886-7565C3B8593D}.Release|Any CPU.ActiveCfg = Release|Any CPU
		{EF491D48-FC75-4663-8886-7565C3B8593D}.Release|Any CPU.Build.0 = Release|Any CPU
		{69C07581-7A6B-4387-A96A-E38A03464DAD}.Debug|Any CPU.ActiveCfg = Debug|Any CPU
		{69C07581-7A6B-4387-A96A-E38A03464DAD}.Debug|Any CPU.Build.0 = Debug|Any CPU
		{69C07581-7A6B-4387-A96A-E38A03464DAD}.Release|Any CPU.ActiveCfg = Release|Any CPU
		{69C07581-7A6B-4387-A96A-E38A03464DAD}.Release|Any CPU.Build.0 = Release|Any CPU
		{99D9A998-89F6-47C9-8B1A-D65DA6BDD61B}.Debug|Any CPU.ActiveCfg = Debug|Any CPU
		{99D9A998-89F6-47C9-8B1A-D65DA6BDD61B}.Debug|Any CPU.Build.0 = Debug|Any CPU
		{99D9A998-89F6-47C9-8B1A-D65DA6BDD61B}.Release|Any CPU.ActiveCfg = Release|Any CPU
		{99D9A998-89F6-47C9-8B1A-D65DA6BDD61B}.Release|Any CPU.Build.0 = Release|Any CPU
		{AB5F2064-78EA-43DE-9BC8-28167CB416CB}.Debug|Any CPU.ActiveCfg = Debug|Any CPU
		{AB5F2064-78EA-43DE-9BC8-28167CB416CB}.Debug|Any CPU.Build.0 = Debug|Any CPU
		{AB5F2064-78EA-43DE-9BC8-28167CB416CB}.Release|Any CPU.ActiveCfg = Release|Any CPU
		{AB5F2064-78EA-43DE-9BC8-28167CB416CB}.Release|Any CPU.Build.0 = Release|Any CPU
		{80A2BAB1-BA56-4DB4-B048-EE3F45F18335}.Debug|Any CPU.ActiveCfg = Debug|Any CPU
		{80A2BAB1-BA56-4DB4-B048-EE3F45F18335}.Debug|Any CPU.Build.0 = Debug|Any CPU
		{80A2BAB1-BA56-4DB4-B048-EE3F45F18335}.Release|Any CPU.ActiveCfg = Release|Any CPU
		{80A2BAB1-BA56-4DB4-B048-EE3F45F18335}.Release|Any CPU.Build.0 = Release|Any CPU
		{7334A8FF-52FA-452D-B5F4-7B985A77F014}.Debug|Any CPU.ActiveCfg = Debug|Any CPU
		{7334A8FF-52FA-452D-B5F4-7B985A77F014}.Debug|Any CPU.Build.0 = Debug|Any CPU
		{7334A8FF-52FA-452D-B5F4-7B985A77F014}.Release|Any CPU.ActiveCfg = Release|Any CPU
		{7334A8FF-52FA-452D-B5F4-7B985A77F014}.Release|Any CPU.Build.0 = Release|Any CPU
		{99014385-1E0D-4089-885E-24EB97B062F2}.Debug|Any CPU.ActiveCfg = Debug|Any CPU
		{99014385-1E0D-4089-885E-24EB97B062F2}.Debug|Any CPU.Build.0 = Debug|Any CPU
		{99014385-1E0D-4089-885E-24EB97B062F2}.Release|Any CPU.ActiveCfg = Release|Any CPU
		{99014385-1E0D-4089-885E-24EB97B062F2}.Release|Any CPU.Build.0 = Release|Any CPU
	EndGlobalSection
	GlobalSection(SolutionProperties) = preSolution
		HideSolutionNode = FALSE
	EndGlobalSection
	GlobalSection(NestedProjects) = preSolution
		{9C3BF7A9-E379-47F5-80F3-42F5E9B896FB} = {A7E9364F-5166-4272-8A2E-78EB55CBC3BC}
		{4706B85D-34F1-48F1-84E8-DA8F1C9F0523} = {A7E9364F-5166-4272-8A2E-78EB55CBC3BC}
		{9D4F0890-EBE9-4414-9BF5-7769BF422D26} = {A7E9364F-5166-4272-8A2E-78EB55CBC3BC}
		{93549289-E8F9-421A-9736-6391012B0246} = {A7E9364F-5166-4272-8A2E-78EB55CBC3BC}
		{EBB90DAD-FCE5-4AA0-B550-EC0ACBE03F97} = {9C3BF7A9-E379-47F5-80F3-42F5E9B896FB}
		{9150E548-37A5-4AF7-B8E4-98D4573DB697} = {EBB90DAD-FCE5-4AA0-B550-EC0ACBE03F97}
		{14E0263D-A468-4D89-97D1-2BFE313CF705} = {4706B85D-34F1-48F1-84E8-DA8F1C9F0523}
		{318403A3-6598-45BE-BDAB-7ECED5474D02} = {14E0263D-A468-4D89-97D1-2BFE313CF705}
		{054A4D67-05C8-4AF4-B69D-7F92E5D117DB} = {14E0263D-A468-4D89-97D1-2BFE313CF705}
		{03C9793A-E687-4B44-8047-AFD090B7BFF9} = {14E0263D-A468-4D89-97D1-2BFE313CF705}
		{76F971BC-DB88-42E1-BC03-34B5DF72C87C} = {14E0263D-A468-4D89-97D1-2BFE313CF705}
		{D905C847-F899-448C-BBC2-3AFDEC984F1D} = {93549289-E8F9-421A-9736-6391012B0246}
		{37085273-5A44-421B-A931-47805BC26007} = {D905C847-F899-448C-BBC2-3AFDEC984F1D}
		{44557099-1A3C-46EF-AA5E-E49295558DD0} = {9D4F0890-EBE9-4414-9BF5-7769BF422D26}
		{57E2935B-7F20-40A7-9147-BEAD6D1D0286} = {44557099-1A3C-46EF-AA5E-E49295558DD0}
		{4703A48C-91DF-40F8-A8BB-A286FB126ABE} = {9D4F0890-EBE9-4414-9BF5-7769BF422D26}
		{B19B4538-1CD7-44F8-ABB4-A81320E3D49B} = {4703A48C-91DF-40F8-A8BB-A286FB126ABE}
		{E872BB0A-9EC3-48FD-8570-6261A6DF4068} = {9D4F0890-EBE9-4414-9BF5-7769BF422D26}
		{EF491D48-FC75-4663-8886-7565C3B8593D} = {E872BB0A-9EC3-48FD-8570-6261A6DF4068}
		{7B1BAB30-32B1-4B00-A855-8C1C4699CB6C} = {9D4F0890-EBE9-4414-9BF5-7769BF422D26}
		{69C07581-7A6B-4387-A96A-E38A03464DAD} = {7B1BAB30-32B1-4B00-A855-8C1C4699CB6C}
		{C0620F5C-94B6-47D4-9CFF-D1B5A2D45102} = {9D4F0890-EBE9-4414-9BF5-7769BF422D26}
		{99D9A998-89F6-47C9-8B1A-D65DA6BDD61B} = {C0620F5C-94B6-47D4-9CFF-D1B5A2D45102}
		{AB5F2064-78EA-43DE-9BC8-28167CB416CB} = {C0620F5C-94B6-47D4-9CFF-D1B5A2D45102}
		{80A2BAB1-BA56-4DB4-B048-EE3F45F18335} = {C0620F5C-94B6-47D4-9CFF-D1B5A2D45102}
		{7334A8FF-52FA-452D-B5F4-7B985A77F014} = {C0620F5C-94B6-47D4-9CFF-D1B5A2D45102}
		{3C582EBF-6838-4E08-B4B8-1A301EC3D2BD} = {9D4F0890-EBE9-4414-9BF5-7769BF422D26}
		{99014385-1E0D-4089-885E-24EB97B062F2} = {3C582EBF-6838-4E08-B4B8-1A301EC3D2BD}
	EndGlobalSection
	GlobalSection(ExtensibilityGlobals) = postSolution
		SolutionGuid = {AA2A52E5-7F10-48FF-B212-050CEF627159}
	EndGlobalSection
EndGlobal
